
Microsoft Visual Studio Solution File, Format Version 12.00
# Visual Studio Version 17
VisualStudioVersion = 17.14.36518.9
MinimumVisualStudioVersion = 10.0.40219.1
Project("{FAE04EC0-301F-11D3-BF4B-00C04F79EFBC}") = "UserService", "UserService\UserService.csproj", "{1CD5B77E-4757-4E94-95D2-E479B675882A}"
EndProject
Project("{2150E333-8FDC-42A3-9474-1A3956D46DE8}") = "Tests", "Tests", "{02EA681E-C7D8-13C7-8484-4AC65E1B71E8}"
EndProject
Project("{FAE04EC0-301F-11D3-BF4B-00C04F79EFBC}") = "UserService.Tests", "UserService.Tests\UserService.Tests\UserService.Tests.csproj", "{F81EF5ED-48A0-44CF-A107-53D0A3D848C9}"
EndProject
Project("{FAE04EC0-301F-11D3-BF4B-00C04F79EFBC}") = "SharedMessages", "..\SharedMessages\SharedMessages.csproj", "{A75C01A6-02AA-425D-B199-49DBF3C235C9}"
EndProject
Global
	GlobalSection(SolutionConfigurationPlatforms) = preSolution
		Debug|Any CPU = Debug|Any CPU
		Debug|x64 = Debug|x64
		Debug|x86 = Debug|x86
		Release|Any CPU = Release|Any CPU
		Release|x64 = Release|x64
		Release|x86 = Release|x86
	EndGlobalSection
	GlobalSection(ProjectConfigurationPlatforms) = postSolution
		{1CD5B77E-4757-4E94-95D2-E479B675882A}.Debug|Any CPU.ActiveCfg = Debug|Any CPU
		{1CD5B77E-4757-4E94-95D2-E479B675882A}.Debug|Any CPU.Build.0 = Debug|Any CPU
		{1CD5B77E-4757-4E94-95D2-E479B675882A}.Debug|x64.ActiveCfg = Debug|Any CPU
		{1CD5B77E-4757-4E94-95D2-E479B675882A}.Debug|x64.Build.0 = Debug|Any CPU
		{1CD5B77E-4757-4E94-95D2-E479B675882A}.Debug|x86.ActiveCfg = Debug|Any CPU
		{1CD5B77E-4757-4E94-95D2-E479B675882A}.Debug|x86.Build.0 = Debug|Any CPU
		{1CD5B77E-4757-4E94-95D2-E479B675882A}.Release|Any CPU.ActiveCfg = Release|Any CPU
		{1CD5B77E-4757-4E94-95D2-E479B675882A}.Release|Any CPU.Build.0 = Release|Any CPU
		{1CD5B77E-4757-4E94-95D2-E479B675882A}.Release|x64.ActiveCfg = Release|Any CPU
		{1CD5B77E-4757-4E94-95D2-E479B675882A}.Release|x64.Build.0 = Release|Any CPU
		{1CD5B77E-4757-4E94-95D2-E479B675882A}.Release|x86.ActiveCfg = Release|Any CPU
		{1CD5B77E-4757-4E94-95D2-E479B675882A}.Release|x86.Build.0 = Release|Any CPU
		{F81EF5ED-48A0-44CF-A107-53D0A3D848C9}.Debug|Any CPU.ActiveCfg = Debug|Any CPU
		{F81EF5ED-48A0-44CF-A107-53D0A3D848C9}.Debug|Any CPU.Build.0 = Debug|Any CPU
		{F81EF5ED-48A0-44CF-A107-53D0A3D848C9}.Debug|x64.ActiveCfg = Debug|Any CPU
		{F81EF5ED-48A0-44CF-A107-53D0A3D848C9}.Debug|x64.Build.0 = Debug|Any CPU
		{F81EF5ED-48A0-44CF-A107-53D0A3D848C9}.Debug|x86.ActiveCfg = Debug|Any CPU
		{F81EF5ED-48A0-44CF-A107-53D0A3D848C9}.Debug|x86.Build.0 = Debug|Any CPU
		{F81EF5ED-48A0-44CF-A107-53D0A3D848C9}.Release|Any CPU.ActiveCfg = Release|Any CPU
		{F81EF5ED-48A0-44CF-A107-53D0A3D848C9}.Release|Any CPU.Build.0 = Release|Any CPU
		{F81EF5ED-48A0-44CF-A107-53D0A3D848C9}.Release|x64.ActiveCfg = Release|Any CPU
		{F81EF5ED-48A0-44CF-A107-53D0A3D848C9}.Release|x64.Build.0 = Release|Any CPU
		{F81EF5ED-48A0-44CF-A107-53D0A3D848C9}.Release|x86.ActiveCfg = Release|Any CPU
		{F81EF5ED-48A0-44CF-A107-53D0A3D848C9}.Release|x86.Build.0 = Release|Any CPU
		{A75C01A6-02AA-425D-B199-49DBF3C235C9}.Debug|Any CPU.ActiveCfg = Debug|Any CPU
		{A75C01A6-02AA-425D-B199-49DBF3C235C9}.Debug|Any CPU.Build.0 = Debug|Any CPU
		{A75C01A6-02AA-425D-B199-49DBF3C235C9}.Debug|x64.ActiveCfg = Debug|Any CPU
		{A75C01A6-02AA-425D-B199-49DBF3C235C9}.Debug|x64.Build.0 = Debug|Any CPU
		{A75C01A6-02AA-425D-B199-49DBF3C235C9}.Debug|x86.ActiveCfg = Debug|Any CPU
		{A75C01A6-02AA-425D-B199-49DBF3C235C9}.Debug|x86.Build.0 = Debug|Any CPU
		{A75C01A6-02AA-425D-B199-49DBF3C235C9}.Release|Any CPU.ActiveCfg = Release|Any CPU
		{A75C01A6-02AA-425D-B199-49DBF3C235C9}.Release|Any CPU.Build.0 = Release|Any CPU
		{A75C01A6-02AA-425D-B199-49DBF3C235C9}.Release|x64.ActiveCfg = Release|Any CPU
		{A75C01A6-02AA-425D-B199-49DBF3C235C9}.Release|x64.Build.0 = Release|Any CPU
		{A75C01A6-02AA-425D-B199-49DBF3C235C9}.Release|x86.ActiveCfg = Release|Any CPU
		{A75C01A6-02AA-425D-B199-49DBF3C235C9}.Release|x86.Build.0 = Release|Any CPU
	EndGlobalSection
	GlobalSection(SolutionProperties) = preSolution
		HideSolutionNode = FALSE
	EndGlobalSection
	GlobalSection(NestedProjects) = preSolution
		{F81EF5ED-48A0-44CF-A107-53D0A3D848C9} = {02EA681E-C7D8-13C7-8484-4AC65E1B71E8}
	EndGlobalSection
	GlobalSection(ExtensibilityGlobals) = postSolution
		SolutionGuid = {97592D39-25F3-4455-8B0E-8AF8C30EE865}
	EndGlobalSection
EndGlobal
