
Microsoft Visual Studio Solution File, Format Version 12.00
# Visual Studio Version 17
VisualStudioVersion = 17.14.36518.9 d17.14
MinimumVisualStudioVersion = 10.0.40219.1
Project("{FAE04EC0-301F-11D3-BF4B-00C04F79EFBC}") = "UserService", "UserService\UserService.csproj", "{1CD5B77E-4757-4E94-95D2-E479B675882A}"
EndProject
Global
	GlobalSection(SolutionConfigurationPlatforms) = preSolution
		Debug|Any CPU = Debug|Any CPU
		Release|Any CPU = Release|Any CPU
	EndGlobalSection
	GlobalSection(ProjectConfigurationPlatforms) = postSolution
		{1CD5B77E-4757-4E94-95D2-E479B675882A}.Debug|Any CPU.ActiveCfg = Debug|Any CPU
		{1CD5B77E-4757-4E94-95D2-E479B675882A}.Debug|Any CPU.Build.0 = Debug|Any CPU
		{1CD5B77E-4757-4E94-95D2-E479B675882A}.Release|Any CPU.ActiveCfg = Release|Any CPU
		{1CD5B77E-4757-4E94-95D2-E479B675882A}.Release|Any CPU.Build.0 = Release|Any CPU
	EndGlobalSection
	GlobalSection(SolutionProperties) = preSolution
		HideSolutionNode = FALSE
	EndGlobalSection
	GlobalSection(ExtensibilityGlobals) = postSolution
		SolutionGuid = {97592D39-25F3-4455-8B0E-8AF8C30EE865}
	EndGlobalSection
EndGlobal
